github.com/Thanhphan1147/root-mn v0.1.2 h1:ZUfV15I3Wzu6Aqj6Z/eY54IKLKcgujQSMHvTOh42Wh4=
github.com/Thanhphan1147/root-mn v0.1.2/go.mod h1:fyTS7IhSbJTlESba+lc8ZSZPzLXvpHS4GBKV0uk+1gI=
github.com/gorilla/websocket v1.5.3 h1:saDtZ6Pbx/0u+bgYQ3q96pZgCzfhKXGPqt7kZ72aNNg=
github.com/gorilla/websocket v1.5.3/go.mod h1:YR8l580nyteQvAITg2hZ9XVh4b55+EU/adAjf1fMHhE=
